github.com/Noah-Wilderom/cfx-go v0.0.0-20250128165350-66744d2c118f h1:cqPJt1LSgCacdxd7RUlMLec2XQaWcMZg3FJTyihKTpI=
github.com/Noah-Wilderom/cfx-go v0.0.0-20250128165350-66744d2c118f/go.mod h1:0bQz8HJbJU3J/SXyDjhTqpxllc4+DheXD1y5aGrPbx8=
github.com/Noah-Wilderom/cfx-go v0.0.0-20250128165828-28efe9fd31f1 h1:09ELiNRnp/lQFFhPcWXTxHO/mpxqPGvAvlUBr0ofzNI=
github.com/Noah-Wilderom/cfx-go v0.0.0-20250128165828-28efe9fd31f1/go.mod h1:Ms4pXBdsOq6zJC3HGVp/HSIIEogzjdtVVb/wMsn9L54=
github.com/Noah-Wilderom/cfx-go v0.0.0-20250128182655-9648af2132bf h1:4OROP87dlfID+EOF8WCT04DORAbNhw0WwVpi1RNXnSU=
github.com/Noah-Wilderom/cfx-go v0.0.0-20250128182655-9648af2132bf/go.mod h1:Ms4pXBdsOq6zJC3HGVp/HSIIEogzjdtVVb/wMsn9L54=
github.com/gopherjs/gopherjs v1.17.2 h1:fQnZVsXk8uxXIStYb0N4bGk7jeyTalG/wsZjQ25dO0g=
github.com/gopherjs/gopherjs v1.17.2/go.mod h1:pRRIvn/QzFLrKfvEz3qUuEhtE/zLCWfreZ6J5gM2i+k=
