github.com/Noah-Wilderom/cfx-go v0.0.0-20250128235959-a4d9c2dfb409 h1:UUPiXIqSsv2akEUaYHYeqlRYFUppELMJ8thLIRUr/n8=
github.com/Noah-Wilderom/cfx-go v0.0.0-20250128235959-a4d9c2dfb409/go.mod h1:Ms4pXBdsOq6zJC3HGVp/HSIIEogzjdtVVb/wMsn9L54=
github.com/gopherjs/gopherjs v1.17.2/go.mod h1:pRRIvn/QzFLrKfvEz3qUuEhtE/zLCWfreZ6J5gM2i+k=
